
Microsoft Visual Studio Solution File, Format Version 12.00
# Visual Studio Version 17
VisualStudioVersion = 17.5.002.0
MinimumVisualStudioVersion = 10.0.40219.1
Project("{9A19103F-16F7-4668-BE54-9A1E7A4F7556}") = "TestProjects", "TestProjects.csproj", "{46D5A23F-80E2-422D-AA70-B2D917E3EAA5}"
EndProject
Global
	GlobalSection(SolutionConfigurationPlatforms) = preSolution
		Debug|Any CPU = Debug|Any CPU
		Release|Any CPU = Release|Any CPU
	EndGlobalSection
	GlobalSection(ProjectConfigurationPlatforms) = postSolution
		{46D5A23F-80E2-422D-AA70-B2D917E3EAA5}.Debug|Any CPU.ActiveCfg = Debug|Any CPU
		{46D5A23F-80E2-422D-AA70-B2D917E3EAA5}.Debug|Any CPU.Build.0 = Debug|Any CPU
		{46D5A23F-80E2-422D-AA70-B2D917E3EAA5}.Release|Any CPU.ActiveCfg = Release|Any CPU
		{46D5A23F-80E2-422D-AA70-B2D917E3EAA5}.Release|Any CPU.Build.0 = Release|Any CPU
	EndGlobalSection
	GlobalSection(SolutionProperties) = preSolution
		HideSolutionNode = FALSE
	EndGlobalSection
	GlobalSection(ExtensibilityGlobals) = postSolution
		SolutionGuid = {72C4B182-95AE-4C5C-9621-0B8337933200}
	EndGlobalSection
EndGlobal
